
Microsoft Visual Studio Solution File, Format Version 12.00
# Visual Studio Version 17
VisualStudioVersion = 17.14.36401.2
MinimumVisualStudioVersion = 10.0.40219.1
Project("{FAE04EC0-301F-11D3-BF4B-00C04F79EFBC}") = "GuardAppSettings", "src\GuardAppSettings\GuardAppSettings.csproj", "{FD3D84D2-DF43-4EB7-9519-5F75FB399C5F}"
EndProject
Project("{FAE04EC0-301F-11D3-BF4B-00C04F79EFBC}") = "GuardAppSettings.Tests", "test\GuardAppSettings.Tests\GuardAppSettings.Tests.csproj", "{E73B111C-3323-49C9-9AC2-E6AD619A1474}"
EndProject
Global
	GlobalSection(SolutionConfigurationPlatforms) = preSolution
		Debug|Any CPU = Debug|Any CPU
		Release|Any CPU = Release|Any CPU
	EndGlobalSection
	GlobalSection(ProjectConfigurationPlatforms) = postSolution
		{FD3D84D2-DF43-4EB7-9519-5F75FB399C5F}.Debug|Any CPU.ActiveCfg = Debug|Any CPU
		{FD3D84D2-DF43-4EB7-9519-5F75FB399C5F}.Debug|Any CPU.Build.0 = Debug|Any CPU
		{FD3D84D2-DF43-4EB7-9519-5F75FB399C5F}.Release|Any CPU.ActiveCfg = Release|Any CPU
		{FD3D84D2-DF43-4EB7-9519-5F75FB399C5F}.Release|Any CPU.Build.0 = Release|Any CPU
		{E73B111C-3323-49C9-9AC2-E6AD619A1474}.Debug|Any CPU.ActiveCfg = Debug|Any CPU
		{E73B111C-3323-49C9-9AC2-E6AD619A1474}.Debug|Any CPU.Build.0 = Debug|Any CPU
		{E73B111C-3323-49C9-9AC2-E6AD619A1474}.Release|Any CPU.ActiveCfg = Release|Any CPU
		{E73B111C-3323-49C9-9AC2-E6AD619A1474}.Release|Any CPU.Build.0 = Release|Any CPU
	EndGlobalSection
	GlobalSection(SolutionProperties) = preSolution
		HideSolutionNode = FALSE
	EndGlobalSection
	GlobalSection(ExtensibilityGlobals) = postSolution
		SolutionGuid = {49A40D63-3E5D-432A-B00E-6AC262B33493}
	EndGlobalSection
EndGlobal
